
Microsoft Visual Studio Solution File, Format Version 12.00
# Visual Studio Version 17
VisualStudioVersion = 17.3.32811.315
MinimumVisualStudioVersion = 10.0.40219.1
Project("{FAE04EC0-301F-11D3-BF4B-00C04F79EFBC}") = "HazarVenturesWebApi", "HazarVenturesWebApi\HazarVenturesWebApi.csproj", "{F8271103-B4BF-4F14-A43C-A1684242EF48}"
EndProject
Global
	GlobalSection(SolutionConfigurationPlatforms) = preSolution
		Debug|Any CPU = Debug|Any CPU
		Release|Any CPU = Release|Any CPU
	EndGlobalSection
	GlobalSection(ProjectConfigurationPlatforms) = postSolution
		{F8271103-B4BF-4F14-A43C-A1684242EF48}.Debug|Any CPU.ActiveCfg = Debug|Any CPU
		{F8271103-B4BF-4F14-A43C-A1684242EF48}.Debug|Any CPU.Build.0 = Debug|Any CPU
		{F8271103-B4BF-4F14-A43C-A1684242EF48}.Release|Any CPU.ActiveCfg = Release|Any CPU
		{F8271103-B4BF-4F14-A43C-A1684242EF48}.Release|Any CPU.Build.0 = Release|Any CPU
	EndGlobalSection
	GlobalSection(SolutionProperties) = preSolution
		HideSolutionNode = FALSE
	EndGlobalSection
	GlobalSection(ExtensibilityGlobals) = postSolution
		SolutionGuid = {75B6765B-E69C-4865-B9A6-2A4F86AC5001}
	EndGlobalSection
EndGlobal
